
Microsoft Visual Studio Solution File, Format Version 12.00
# Visual Studio Version 16
VisualStudioVersion = 16.0.29613.14
MinimumVisualStudioVersion = 10.0.40219.1
Project("{FAE04EC0-301F-11D3-BF4B-00C04F79EFBC}") = "AntonioGabriel3c1_02", "AntonioGabriel3c1_02\AntonioGabriel3c1_02.csproj", "{3C608393-5E47-4B8C-92E1-03805F1676FF}"
EndProject
Global
	GlobalSection(SolutionConfigurationPlatforms) = preSolution
		Debug|Any CPU = Debug|Any CPU
		Release|Any CPU = Release|Any CPU
	EndGlobalSection
	GlobalSection(ProjectConfigurationPlatforms) = postSolution
		{3C608393-5E47-4B8C-92E1-03805F1676FF}.Debug|Any CPU.ActiveCfg = Debug|Any CPU
		{3C608393-5E47-4B8C-92E1-03805F1676FF}.Debug|Any CPU.Build.0 = Debug|Any CPU
		{3C608393-5E47-4B8C-92E1-03805F1676FF}.Release|Any CPU.ActiveCfg = Release|Any CPU
		{3C608393-5E47-4B8C-92E1-03805F1676FF}.Release|Any CPU.Build.0 = Release|Any CPU
	EndGlobalSection
	GlobalSection(SolutionProperties) = preSolution
		HideSolutionNode = FALSE
	EndGlobalSection
	GlobalSection(ExtensibilityGlobals) = postSolution
		SolutionGuid = {B6E6F534-37A9-4818-9CBB-6C9D401CF8E7}
	EndGlobalSection
EndGlobal
